
Microsoft Visual Studio Solution File, Format Version 12.00
# Visual Studio 14
VisualStudioVersion = 14.0.25420.1
MinimumVisualStudioVersion = 10.0.40219.1
Project("{FAE04EC0-301F-11D3-BF4B-00C04F79EFBC}") = "com.app.fms", "com.app.fms\com.app.fms.csproj", "{F0C1057C-2F9B-4982-AC6B-4465E8E9C83D}"
EndProject
Project("{FAE04EC0-301F-11D3-BF4B-00C04F79EFBC}") = "BusinessEntities", "BusinessEntities\BusinessEntities.csproj", "{D49F8455-7400-43CE-B2C8-58DA9EF79D9D}"
EndProject
Project("{FAE04EC0-301F-11D3-BF4B-00C04F79EFBC}") = "BusinessLogic", "BusinessLogic\BusinessLogic.csproj", "{3A6999FF-2EC6-45B8-B691-23ACC988B082}"
EndProject
Project("{FAE04EC0-301F-11D3-BF4B-00C04F79EFBC}") = "DataAccessLayer", "DataAccessLayer\DataAccessLayer.csproj", "{EAFDC488-786C-425E-B078-09C3F724CD98}"
EndProject
Project("{FAE04EC0-301F-11D3-BF4B-00C04F79EFBC}") = "Sample", "Sample\Sample.csproj", "{48080E06-4FD1-441A-98F4-B21CB1A9F021}"
EndProject
Global
	GlobalSection(SolutionConfigurationPlatforms) = preSolution
		Debug|Any CPU = Debug|Any CPU
		Release|Any CPU = Release|Any CPU
	EndGlobalSection
	GlobalSection(ProjectConfigurationPlatforms) = postSolution
		{F0C1057C-2F9B-4982-AC6B-4465E8E9C83D}.Debug|Any CPU.ActiveCfg = Debug|Any CPU
		{F0C1057C-2F9B-4982-AC6B-4465E8E9C83D}.Debug|Any CPU.Build.0 = Debug|Any CPU
		{F0C1057C-2F9B-4982-AC6B-4465E8E9C83D}.Release|Any CPU.ActiveCfg = Release|Any CPU
		{F0C1057C-2F9B-4982-AC6B-4465E8E9C83D}.Release|Any CPU.Build.0 = Release|Any CPU
		{D49F8455-7400-43CE-B2C8-58DA9EF79D9D}.Debug|Any CPU.ActiveCfg = Debug|Any CPU
		{D49F8455-7400-43CE-B2C8-58DA9EF79D9D}.Debug|Any CPU.Build.0 = Debug|Any CPU
		{D49F8455-7400-43CE-B2C8-58DA9EF79D9D}.Release|Any CPU.ActiveCfg = Release|Any CPU
		{D49F8455-7400-43CE-B2C8-58DA9EF79D9D}.Release|Any CPU.Build.0 = Release|Any CPU
		{3A6999FF-2EC6-45B8-B691-23ACC988B082}.Debug|Any CPU.ActiveCfg = Debug|Any CPU
		{3A6999FF-2EC6-45B8-B691-23ACC988B082}.Debug|Any CPU.Build.0 = Debug|Any CPU
		{3A6999FF-2EC6-45B8-B691-23ACC988B082}.Release|Any CPU.ActiveCfg = Release|Any CPU
		{3A6999FF-2EC6-45B8-B691-23ACC988B082}.Release|Any CPU.Build.0 = Release|Any CPU
		{EAFDC488-786C-425E-B078-09C3F724CD98}.Debug|Any CPU.ActiveCfg = Debug|Any CPU
		{EAFDC488-786C-425E-B078-09C3F724CD98}.Debug|Any CPU.Build.0 = Debug|Any CPU
		{EAFDC488-786C-425E-B078-09C3F724CD98}.Release|Any CPU.ActiveCfg = Release|Any CPU
		{EAFDC488-786C-425E-B078-09C3F724CD98}.Release|Any CPU.Build.0 = Release|Any CPU
		{48080E06-4FD1-441A-98F4-B21CB1A9F021}.Debug|Any CPU.ActiveCfg = Debug|Any CPU
		{48080E06-4FD1-441A-98F4-B21CB1A9F021}.Debug|Any CPU.Build.0 = Debug|Any CPU
		{48080E06-4FD1-441A-98F4-B21CB1A9F021}.Release|Any CPU.ActiveCfg = Release|Any CPU
		{48080E06-4FD1-441A-98F4-B21CB1A9F021}.Release|Any CPU.Build.0 = Release|Any CPU
	EndGlobalSection
	GlobalSection(SolutionProperties) = preSolution
		HideSolutionNode = FALSE
	EndGlobalSection
EndGlobal
